{
    "_readme": [
        "This file locks the dependencies of your project to a known state",
        "Read more about it at https://getcomposer.org/doc/01-basic-usage.md#composer-lock-the-lock-file",
        "This file is @generated automatically"
    ],
    "hash": "4235a059d527662db82ae3cd46b79bc2",
    "content-hash": "d216bcee9f91302248922f46ca51b31a",
    "packages": [
        {
            "name": "composer/installers",
            "version": "v1.1.0",
            "source": {
                "type": "git",
                "url": "https://github.com/composer/installers.git",
                "reference": "a3595c5272a6f247228abb20076ed27321e4aae9"
            },
            "dist": {
                "type": "zip",
                "url": "https://api.github.com/repos/composer/installers/zipball/a3595c5272a6f247228abb20076ed27321e4aae9",
                "reference": "a3595c5272a6f247228abb20076ed27321e4aae9",
                "shasum": ""
            },
            "require": {
                "composer-plugin-api": "^1.0"
            },
            "replace": {
                "roundcube/plugin-installer": "*",
                "shama/baton": "*"
            },
            "require-dev": {
                "composer/composer": "1.0.*@dev",
                "phpunit/phpunit": "4.1.*"
            },
            "type": "composer-plugin",
            "extra": {
                "class": "Composer\\Installers\\Plugin",
                "branch-alias": {
                    "dev-master": "1.0-dev"
                }
            },
            "autoload": {
                "psr-4": {
                    "Composer\\Installers\\": "src/Composer/Installers"
                }
            },
            "notification-url": "https://packagist.org/downloads/",
            "license": [
                "MIT"
            ],
            "authors": [
                {
                    "name": "Kyle Robinson Young",
                    "email": "kyle@dontkry.com",
                    "homepage": "https://github.com/shama"
                }
            ],
            "description": "A multi-framework Composer library installer",
            "homepage": "https://composer.github.io/installers/",
            "keywords": [
                "Craft",
                "Dolibarr",
                "Hurad",
                "ImageCMS",
                "MODX Evo",
                "Mautic",
                "OXID",
                "RadPHP",
                "SMF",
                "Thelia",
                "WolfCMS",
                "agl",
                "aimeos",
                "annotatecms",
                "bitrix",
                "cakephp",
                "chef",
                "codeigniter",
                "concrete5",
                "croogo",
                "dokuwiki",
                "drupal",
                "elgg",
                "expressionengine",
                "fuelphp",
                "grav",
                "installer",
                "joomla",
                "kohana",
                "laravel",
                "lithium",
                "magento",
                "mako",
                "mediawiki",
                "modulework",
                "moodle",
                "phpbb",
                "piwik",
                "ppi",
                "puppet",
                "roundcube",
                "shopware",
                "silverstripe",
                "symfony",
                "typo3",
                "wordpress",
                "zend",
                "zikula"
            ],
            "time": "2016-07-05 06:18:20"
        },
        {
            "name": "johnpbloch/wordpress",
            "version": "4.6",
            "source": {
                "type": "git",
                "url": "https://github.com/johnpbloch/wordpress.git",
                "reference": "1fb4b67e331d82f9061eaf3fcbc94163db85c135"
            },
            "dist": {
                "type": "zip",
                "url": "https://api.github.com/repos/johnpbloch/wordpress/zipball/1fb4b67e331d82f9061eaf3fcbc94163db85c135",
                "reference": "1fb4b67e331d82f9061eaf3fcbc94163db85c135",
                "shasum": ""
            },
            "require": {
                "johnpbloch/wordpress-core-installer": "~0.2",
                "php": ">=5.3.2"
            },
            "type": "wordpress-core",
            "notification-url": "https://packagist.org/downloads/",
            "license": [
                "GPL-2.0+"
            ],
            "authors": [
                {
                    "name": "WordPress Community",
                    "homepage": "http://wordpress.org/about/"
                }
            ],
            "description": "WordPress is web software you can use to create a beautiful website or blog.",
            "homepage": "http://wordpress.org/",
            "keywords": [
                "blog",
                "cms"
            ],
            "time": "2016-08-16 18:32:04"
        },
        {
            "name": "johnpbloch/wordpress-core-installer",
            "version": "0.2.1",
            "source": {
                "type": "git",
                "url": "https://github.com/johnpbloch/wordpress-core-installer.git",
                "reference": "a04c2c383ef13aae077f36799ed2eafdebd618d2"
            },
            "dist": {
                "type": "zip",
                "url": "https://api.github.com/repos/johnpbloch/wordpress-core-installer/zipball/a04c2c383ef13aae077f36799ed2eafdebd618d2",
                "reference": "a04c2c383ef13aae077f36799ed2eafdebd618d2",
                "shasum": ""
            },
            "require": {
                "composer-plugin-api": "^1.0"
            },
            "conflict": {
                "composer/installers": "<1.0.6"
            },
            "require-dev": {
                "composer/composer": "1.0.*@dev"
            },
            "type": "composer-plugin",
            "extra": {
                "class": "johnpbloch\\Composer\\WordPressCorePlugin"
            },
            "autoload": {
                "psr-0": {
                    "johnpbloch\\Composer\\": "src/"
                }
            },
            "notification-url": "https://packagist.org/downloads/",
            "license": [
                "GPL-2.0+"
            ],
            "authors": [
                {
                    "name": "John P. Bloch",
                    "email": "me@johnpbloch.com"
                }
            ],
            "description": "A custom installer to handle deploying WordPress with composer",
            "keywords": [
                "wordpress"
            ],
            "time": "2015-06-11 15:15:30"
        },
        {
            "name": "jurgenromeijn/portfolio-frontend",
            "version": "1.1.0",
            "source": {
                "type": "git",
                "url": "https://github.com/jurgenromeijn/portfolio-frontend",
                "reference": "d0e051c405585f4210927ef5b830d1168e3e33e4"
            },
            "type": "library",
            "scripts": {
                "post-install-cmd": [
                    "npm install",
                    "bower install",
                    "gulp build"
                ],
                "post-update-cmd": [
                    "npm install",
                    "bower install",
                    "gulp build"
                ]
            },
            "license": [
                "GPL-3.0"
            ],
            "authors": [
                {
                    "name": "Jurgen Romeijn",
                    "email": "jurgen.romeijn@gmail.com"
                }
            ],
            "description": "The angular based front-end of www.jurgenromeijn.com.",
            "homepage": "https://github.com/jurgenromeijn/portfolio-frontend",
            "keywords": [
                "angular",
                "javascript",
                "portfolio",
                "sass"
            ],
            "time": "2016-08-29 18:52:00"
        },
        {
            "name": "jurgenromeijn/wordpress-plugin-projects",
            "version": "1.5.2",
            "source": {
                "type": "git",
                "url": "https://github.com/jurgenromeijn/wordpress-plugin-projects",
                "reference": "42ad69cbc83c584a127d8c89ab48fbcbc99ed030"
            },
            "require": {
                "composer/installers": "~1.0",
                "johnpbloch/wordpress": "~4.5",
                "php": ">=5.4",
                "symfony/config": "~2.8",
                "symfony/dependency-injection": "~2.8",
                "symfony/yaml": "~2.8"
            },
            "type": "wordpress-plugin",
            "extra": {
                "wordpress-install-dir": "wp"
            },
            "autoload": {
                "psr-4": {
                    "JurgenRomeijn\\Projects\\": "src/"
                }
            },
            "license": [
                "GPL-3.0"
            ],
            "authors": [
                {
                    "name": "Jurgen Romeijn",
                    "email": "jurgen.romeijn@gmail.com"
                }
            ],
            "description": "A Wordpress plugin that creates the portfolio/project post types and taxonomies and adds it to the menu.",
            "homepage": "https://github.com/jurgenromeijn/wordpress-plugin-projects",
            "keywords": [
                "WordPress",
                "php",
                "plugins",
                "projects",
                "themes"
            ],
            "time": "2016-07-18 18:06:15"
        },
        {
            "name": "jurgenromeijn/wordpress-plugin-projects-rest",
            "version": "1.2.1",
            "source": {
                "type": "git",
                "url": "https://github.com/jurgenromeijn/wordpress-plugin-projects-rest",
                "reference": "60b919efe81f2eaa49f17f581637322ac2786f00"
            },
            "require": {
                "composer/installers": "~1.0",
                "johnpbloch/wordpress": "~4.5",
                "php": ">=5.4",
                "symfony/config": "~2.8",
                "symfony/dependency-injection": "~2.8",
                "symfony/yaml": "~2.8",
                "wpackagist-plugin/rest-api": "~2.0"
            },
            "require-dev": {
                "phpunit/phpunit": "4.8.*"
            },
            "type": "wordpress-plugin",
            "extra": {
                "wordpress-install-dir": "wp"
            },
            "autoload": {
                "psr-4": {
                    "JurgenRomeijn\\ProjectsRest\\": "src/"
                }
            },
            "license": [
                "GPL-3.0"
            ],
            "authors": [
                {
                    "name": "Jurgen Romeijn",
                    "email": "jurgen.romeijn@gmail.com"
                }
            ],
            "description": "Description: A WordPress plugin that creates the rest interface for the project post type.",
            "homepage": "https://github.com/jurgenromeijn/wordpress-plugin-projects-rest",
            "keywords": [
                "WordPress",
                "php",
                "plugins",
                "projects",
                "rest",
                "themes"
            ],
            "time": "2016-08-09 19:25:35"
        },
        {
            "name": "jurgenromeijn/wordpress-theme-portfolio",
            "version": "1.0.1",
            "source": {
                "type": "git",
                "url": "https://github.com/jurgenromeijn/wordpress-theme-portfolio",
                "reference": "34d48350dc016335c75c5293d4ebb78c94edf54b"
            },
            "require": {
                "composer/installers": "~1.0",
                "johnpbloch/wordpress": "~4.5",
                "jurgenromeijn/portfolio-frontend": "~1.0",
                "php": ">=5.4"
            },
            "type": "wordpress-theme",
            "extra": {
                "wordpress-install-dir": "wp"
            },
            "license": [
                "GPL-3.0"
            ],
            "authors": [
                {
                    "name": "Jurgen Romeijn",
                    "email": "jurgen.romeijn@gmail.com"
                }
            ],
            "description": "Description: This is the WordPress theme for my portfolio on www.jurgenromeijn.com.",
            "homepage": "https://github.com/jurgenromeijn/wordpress-theme-portfolio",
            "keywords": [
                "WordPress",
                "php",
                "portfolio",
                "rest",
                "theme"
            ],
            "time": "2016-08-29 15:23:01"
        },
        {
            "name": "symfony/config",
            "version": "v2.8.9",
            "source": {
                "type": "git",
                "url": "https://github.com/symfony/config.git",
                "reference": "4275ef5b59f18959df0eee3991e9ca0cc208ffd4"
            },
            "dist": {
                "type": "zip",
                "url": "https://api.github.com/repos/symfony/config/zipball/4275ef5b59f18959df0eee3991e9ca0cc208ffd4",
                "reference": "4275ef5b59f18959df0eee3991e9ca0cc208ffd4",
                "shasum": ""
            },
            "require": {
                "php": ">=5.3.9",
                "symfony/filesystem": "~2.3|~3.0.0"
            },
            "suggest": {
                "symfony/yaml": "To use the yaml reference dumper"
            },
            "type": "library",
            "extra": {
                "branch-alias": {
                    "dev-master": "2.8-dev"
                }
            },
            "autoload": {
                "psr-4": {
                    "Symfony\\Component\\Config\\": ""
                },
                "exclude-from-classmap": [
                    "/Tests/"
                ]
            },
            "notification-url": "https://packagist.org/downloads/",
            "license": [
                "MIT"
            ],
            "authors": [
                {
                    "name": "Fabien Potencier",
                    "email": "fabien@symfony.com"
                },
                {
                    "name": "Symfony Community",
                    "homepage": "https://symfony.com/contributors"
                }
            ],
            "description": "Symfony Config Component",
            "homepage": "https://symfony.com",
            "time": "2016-07-26 08:02:44"
        },
        {
            "name": "symfony/dependency-injection",
            "version": "v2.8.9",
            "source": {
                "type": "git",
                "url": "https://github.com/symfony/dependency-injection.git",
                "reference": "f2b5a00d176f6a201dc430375c0ef37706ea3d12"
            },
            "dist": {
                "type": "zip",
                "url": "https://api.github.com/repos/symfony/dependency-injection/zipball/f2b5a00d176f6a201dc430375c0ef37706ea3d12",
                "reference": "f2b5a00d176f6a201dc430375c0ef37706ea3d12",
                "shasum": ""
            },
            "require": {
                "php": ">=5.3.9"
            },
            "conflict": {
                "symfony/expression-language": "<2.6"
            },
            "require-dev": {
                "symfony/config": "~2.2|~3.0.0",
                "symfony/expression-language": "~2.6|~3.0.0",
                "symfony/yaml": "~2.3.42|~2.7.14|~2.8.7|~3.0.7"
            },
            "suggest": {
                "symfony/config": "",
                "symfony/expression-language": "For using expressions in service container configuration",
                "symfony/proxy-manager-bridge": "Generate service proxies to lazy load them",
                "symfony/yaml": ""
            },
            "type": "library",
            "extra": {
                "branch-alias": {
                    "dev-master": "2.8-dev"
                }
            },
            "autoload": {
                "psr-4": {
                    "Symfony\\Component\\DependencyInjection\\": ""
                },
                "exclude-from-classmap": [
                    "/Tests/"
                ]
            },
            "notification-url": "https://packagist.org/downloads/",
            "license": [
                "MIT"
            ],
            "authors": [
                {
                    "name": "Fabien Potencier",
                    "email": "fabien@symfony.com"
                },
                {
                    "name": "Symfony Community",
                    "homepage": "https://symfony.com/contributors"
                }
            ],
            "description": "Symfony DependencyInjection Component",
            "homepage": "https://symfony.com",
            "time": "2016-07-30 07:20:35"
        },
        {
            "name": "symfony/filesystem",
            "version": "v3.0.9",
            "source": {
                "type": "git",
                "url": "https://github.com/symfony/filesystem.git",
                "reference": "b2da5009d9bacbd91d83486aa1f44c793a8c380d"
            },
            "dist": {
                "type": "zip",
                "url": "https://api.github.com/repos/symfony/filesystem/zipball/b2da5009d9bacbd91d83486aa1f44c793a8c380d",
                "reference": "b2da5009d9bacbd91d83486aa1f44c793a8c380d",
                "shasum": ""
            },
            "require": {
                "php": ">=5.5.9"
            },
            "type": "library",
            "extra": {
                "branch-alias": {
                    "dev-master": "3.0-dev"
                }
            },
            "autoload": {
                "psr-4": {
                    "Symfony\\Component\\Filesystem\\": ""
                },
                "exclude-from-classmap": [
                    "/Tests/"
                ]
            },
            "notification-url": "https://packagist.org/downloads/",
            "license": [
                "MIT"
            ],
            "authors": [
                {
                    "name": "Fabien Potencier",
                    "email": "fabien@symfony.com"
                },
                {
                    "name": "Symfony Community",
                    "homepage": "https://symfony.com/contributors"
                }
            ],
            "description": "Symfony Filesystem Component",
            "homepage": "https://symfony.com",
            "time": "2016-07-20 05:43:46"
        },
        {
            "name": "symfony/yaml",
            "version": "v2.8.9",
            "source": {
                "type": "git",
                "url": "https://github.com/symfony/yaml.git",
                "reference": "0ceab136f43ed9d3e97b3eea32a7855dc50c121d"
            },
            "dist": {
                "type": "zip",
                "url": "https://api.github.com/repos/symfony/yaml/zipball/0ceab136f43ed9d3e97b3eea32a7855dc50c121d",
                "reference": "0ceab136f43ed9d3e97b3eea32a7855dc50c121d",
                "shasum": ""
            },
            "require": {
                "php": ">=5.3.9"
            },
            "type": "library",
            "extra": {
                "branch-alias": {
                    "dev-master": "2.8-dev"
                }
            },
            "autoload": {
                "psr-4": {
                    "Symfony\\Component\\Yaml\\": ""
                },
                "exclude-from-classmap": [
                    "/Tests/"
                ]
            },
            "notification-url": "https://packagist.org/downloads/",
            "license": [
                "MIT"
            ],
            "authors": [
                {
                    "name": "Fabien Potencier",
                    "email": "fabien@symfony.com"
                },
                {
                    "name": "Symfony Community",
                    "homepage": "https://symfony.com/contributors"
                }
            ],
            "description": "Symfony Yaml Component",
            "homepage": "https://symfony.com",
            "time": "2016-07-17 09:06:15"
        },
        {
            "name": "wpackagist-plugin/advanced-custom-fields",
            "version": "4.4.8",
            "source": {
                "type": "svn",
                "url": "https://plugins.svn.wordpress.org/advanced-custom-fields/",
                "reference": "tags/4.4.8"
            },
            "dist": {
                "type": "zip",
                "url": "https://downloads.wordpress.org/plugin/advanced-custom-fields.4.4.8.zip",
                "reference": null,
                "shasum": null
            },
            "require": {
                "composer/installers": "~1.0"
            },
            "type": "wordpress-plugin",
            "homepage": "https://wordpress.org/plugins/advanced-custom-fields/"
        },
        {
            "name": "wpackagist-plugin/custom-contact-forms",
            "version": "7.8.3",
            "source": {
                "type": "svn",
                "url": "https://plugins.svn.wordpress.org/custom-contact-forms/",
                "reference": "tags/7.8.3"
            },
            "dist": {
                "type": "zip",
                "url": "https://downloads.wordpress.org/plugin/custom-contact-forms.7.8.3.zip",
                "reference": null,
                "shasum": null
            },
            "require": {
                "composer/installers": "~1.0"
            },
            "type": "wordpress-plugin",
            "homepage": "https://wordpress.org/plugins/custom-contact-forms/"
        },
        {
            "name": "wpackagist-plugin/rest-api",
            "version": "2.0-beta9",
            "source": {
                "type": "svn",
                "url": "https://plugins.svn.wordpress.org/rest-api/",
                "reference": "tags/2.0-beta9"
            },
            "dist": {
                "type": "zip",
                "url": "https://downloads.wordpress.org/plugin/rest-api.2.0-beta9.zip",
                "reference": null,
                "shasum": null
            },
            "require": {
                "composer/installers": "~1.0"
            },
            "type": "wordpress-plugin",
            "homepage": "https://wordpress.org/plugins/rest-api/"
        },
        {
            "name": "wpackagist-plugin/wordpress-importer",
            "version": "0.6.3",
            "source": {
                "type": "svn",
                "url": "https://plugins.svn.wordpress.org/wordpress-importer/",
                "reference": "tags/0.6.3"
            },
            "dist": {
                "type": "zip",
                "url": "https://downloads.wordpress.org/plugin/wordpress-importer.0.6.3.zip",
                "reference": null,
                "shasum": null
            },
            "require": {
                "composer/installers": "~1.0"
            },
            "type": "wordpress-plugin",
            "homepage": "https://wordpress.org/plugins/wordpress-importer/"
        },
        {
            "name": "wpackagist-theme/twentyfifteen",
            "version": "1.6",
            "source": {
                "type": "svn",
                "url": "https://themes.svn.wordpress.org/twentyfifteen/",
                "reference": "1.6"
            },
            "dist": {
                "type": "zip",
                "url": "https://downloads.wordpress.org/theme/twentyfifteen.1.6.zip",
                "reference": null,
                "shasum": null
            },
            "require": {
                "composer/installers": "~1.0"
            },
            "type": "wordpress-theme",
            "homepage": "https://wordpress.org/themes/twentyfifteen/"
        }
    ],
    "packages-dev": [],
    "aliases": [],
    "minimum-stability": "stable",
    "stability-flags": {
        "wpackagist-plugin/rest-api": 10
    },
    "prefer-stable": false,
    "prefer-lowest": false,
    "platform": {
        "php": ">=5.4"
    },
    "platform-dev": []
}
